
Microsoft Visual Studio Solution File, Format Version 12.00
# Visual Studio 15
VisualStudioVersion = 15.0.28307.421
MinimumVisualStudioVersion = 10.0.40219.1
Project("{F184B08F-C81C-45F6-A57F-5ABD9991F28F}") = "CarInventory", "CarInventory\CarInventory.vbproj", "{9E9DB624-0F72-4BFA-9C3F-461B41C2DAD5}"
EndProject
Global
	GlobalSection(SolutionConfigurationPlatforms) = preSolution
		Debug|Any CPU = Debug|Any CPU
		Release|Any CPU = Release|Any CPU
	EndGlobalSection
	GlobalSection(ProjectConfigurationPlatforms) = postSolution
		{9E9DB624-0F72-4BFA-9C3F-461B41C2DAD5}.Debug|Any CPU.ActiveCfg = Debug|Any CPU
		{9E9DB624-0F72-4BFA-9C3F-461B41C2DAD5}.Debug|Any CPU.Build.0 = Debug|Any CPU
		{9E9DB624-0F72-4BFA-9C3F-461B41C2DAD5}.Release|Any CPU.ActiveCfg = Release|Any CPU
		{9E9DB624-0F72-4BFA-9C3F-461B41C2DAD5}.Release|Any CPU.Build.0 = Release|Any CPU
	EndGlobalSection
	GlobalSection(SolutionProperties) = preSolution
		HideSolutionNode = FALSE
	EndGlobalSection
	GlobalSection(ExtensibilityGlobals) = postSolution
		SolutionGuid = {62CB4713-C0C0-4882-97FB-8BFE0D668E0D}
	EndGlobalSection
EndGlobal
